
Microsoft Visual Studio Solution File, Format Version 12.00
# Visual Studio Version 17
VisualStudioVersion = 17.1.32328.378
MinimumVisualStudioVersion = 10.0.40219.1
Project("{9A19103F-16F7-4668-BE54-9A1E7A4F7556}") = "SMB HelpER", "WinFormsApp1\SMB HelpER.csproj", "{D012ECCC-5513-4DFC-9D1E-1AB31A3E3E04}"
EndProject
Global
	GlobalSection(SolutionConfigurationPlatforms) = preSolution
		Debug|Any CPU = Debug|Any CPU
		Release|Any CPU = Release|Any CPU
	EndGlobalSection
	GlobalSection(ProjectConfigurationPlatforms) = postSolution
		{D012ECCC-5513-4DFC-9D1E-1AB31A3E3E04}.Debug|Any CPU.ActiveCfg = Debug|Any CPU
		{D012ECCC-5513-4DFC-9D1E-1AB31A3E3E04}.Debug|Any CPU.Build.0 = Debug|Any CPU
		{D012ECCC-5513-4DFC-9D1E-1AB31A3E3E04}.Release|Any CPU.ActiveCfg = Release|Any CPU
		{D012ECCC-5513-4DFC-9D1E-1AB31A3E3E04}.Release|Any CPU.Build.0 = Release|Any CPU
	EndGlobalSection
	GlobalSection(SolutionProperties) = preSolution
		HideSolutionNode = FALSE
	EndGlobalSection
	GlobalSection(ExtensibilityGlobals) = postSolution
		SolutionGuid = {2F426B17-F27C-456A-8DB0-2F3F417989CD}
	EndGlobalSection
EndGlobal
